
Microsoft Visual Studio Solution File, Format Version 12.00
# Visual Studio Version 17
VisualStudioVersion = 17.8.34525.116
MinimumVisualStudioVersion = 10.0.40219.1
Project("{FAE04EC0-301F-11D3-BF4B-00C04F79EFBC}") = "Ejercicio_16_For_And_Case", "Ejercicio_16_For_And_Case.csproj", "{FC445A87-FC2F-48F0-83FC-C2B479166AE5}"
EndProject
Global
	GlobalSection(SolutionConfigurationPlatforms) = preSolution
		Debug|Any CPU = Debug|Any CPU
		Release|Any CPU = Release|Any CPU
	EndGlobalSection
	GlobalSection(ProjectConfigurationPlatforms) = postSolution
		{FC445A87-FC2F-48F0-83FC-C2B479166AE5}.Debug|Any CPU.ActiveCfg = Debug|Any CPU
		{FC445A87-FC2F-48F0-83FC-C2B479166AE5}.Debug|Any CPU.Build.0 = Debug|Any CPU
		{FC445A87-FC2F-48F0-83FC-C2B479166AE5}.Release|Any CPU.ActiveCfg = Release|Any CPU
		{FC445A87-FC2F-48F0-83FC-C2B479166AE5}.Release|Any CPU.Build.0 = Release|Any CPU
	EndGlobalSection
	GlobalSection(SolutionProperties) = preSolution
		HideSolutionNode = FALSE
	EndGlobalSection
	GlobalSection(ExtensibilityGlobals) = postSolution
		SolutionGuid = {CC22E6A0-F3B3-44FB-B0DA-3F9AE4138226}
	EndGlobalSection
EndGlobal
