
Microsoft Visual Studio Solution File, Format Version 12.00
# Visual Studio Version 17
VisualStudioVersion = 17.8.34525.116
MinimumVisualStudioVersion = 10.0.40219.1
Project("{FAE04EC0-301F-11D3-BF4B-00C04F79EFBC}") = "SegmentoDeTriangulo", "SegmentoDeTriangulo.csproj", "{4ECC3103-146C-4B8F-80B3-0ED790FFBEE8}"
EndProject
Global
	GlobalSection(SolutionConfigurationPlatforms) = preSolution
		Debug|Any CPU = Debug|Any CPU
		Release|Any CPU = Release|Any CPU
	EndGlobalSection
	GlobalSection(ProjectConfigurationPlatforms) = postSolution
		{4ECC3103-146C-4B8F-80B3-0ED790FFBEE8}.Debug|Any CPU.ActiveCfg = Debug|Any CPU
		{4ECC3103-146C-4B8F-80B3-0ED790FFBEE8}.Debug|Any CPU.Build.0 = Debug|Any CPU
		{4ECC3103-146C-4B8F-80B3-0ED790FFBEE8}.Release|Any CPU.ActiveCfg = Release|Any CPU
		{4ECC3103-146C-4B8F-80B3-0ED790FFBEE8}.Release|Any CPU.Build.0 = Release|Any CPU
	EndGlobalSection
	GlobalSection(SolutionProperties) = preSolution
		HideSolutionNode = FALSE
	EndGlobalSection
	GlobalSection(ExtensibilityGlobals) = postSolution
		SolutionGuid = {3B809061-75CB-4947-AC94-BDE8A7EDE85F}
	EndGlobalSection
EndGlobal
